// !$*UTF8*$!
{
	archiveVersion = 1;
	classes = {
	};
	objectVersion = 52;
	objects = {

/* Begin PBXBuildFile section */
		A105C34C25E178E400127F23 /* FrontPage.swift in Sources */ = {isa = PBXBuildFile; fileRef = A105C34B25E178E400127F23 /* FrontPage.swift */; };
		A105C35625E17A4300127F23 /* RunView.swift in Sources */ = {isa = PBXBuildFile; fileRef = A105C35525E17A4300127F23 /* RunView.swift */; };
		A105C35925E17CA500127F23 /* MainPage.swift in Sources */ = {isa = PBXBuildFile; fileRef = A105C35825E17CA500127F23 /* MainPage.swift */; };
		A105C35D25E186DA00127F23 /* CreateView.swift in Sources */ = {isa = PBXBuildFile; fileRef = A105C35C25E186DA00127F23 /* CreateView.swift */; };
		A12656D625E438C20071173F /* ScoreView.swift in Sources */ = {isa = PBXBuildFile; fileRef = A12656D525E438C20071173F /* ScoreView.swift */; };
		A12656D925E43B1A0071173F /* runningView.swift in Sources */ = {isa = PBXBuildFile; fileRef = A12656D825E43B1A0071173F /* runningView.swift */; };
		A12656DC25E441E30071173F /* stopWatchManager.swift in Sources */ = {isa = PBXBuildFile; fileRef = A12656DB25E441E30071173F /* stopWatchManager.swift */; };
		A12656E725E5455E0071173F /* MapManager.swift in Sources */ = {isa = PBXBuildFile; fileRef = A12656E625E5455E0071173F /* MapManager.swift */; };
		A19DA18C25F594C300416840 /* QRSaves.xcdatamodeld in Sources */ = {isa = PBXBuildFile; fileRef = A19DA18A25F594C300416840 /* QRSaves.xcdatamodeld */; };
		A19DA18F25F594EB00416840 /* Persistence.swift in Sources */ = {isa = PBXBuildFile; fileRef = A19DA18E25F594EB00416840 /* Persistence.swift */; };
		A1A209FA25F3E4700062ED3E /* runVideo.mp4 in Resources */ = {isa = PBXBuildFile; fileRef = A1A209F925F3E4700062ED3E /* runVideo.mp4 */; };
		A1D1A74225EFE5E600C41DC9 /* resultView.swift in Sources */ = {isa = PBXBuildFile; fileRef = A1D1A74125EFE5E600C41DC9 /* resultView.swift */; };
		A1DAB1BF25F5B78100BFE764 /* runVideo2.mp4 in Resources */ = {isa = PBXBuildFile; fileRef = A1DAB1BE25F5B78100BFE764 /* runVideo2.mp4 */; };
		A1EF0EBE25D17BFF004DE4A8 /* paperChaseApp.swift in Sources */ = {isa = PBXBuildFile; fileRef = A1EF0EBD25D17BFF004DE4A8 /* paperChaseApp.swift */; };
		A1EF0EC025D17BFF004DE4A8 /* ContentView.swift in Sources */ = {isa = PBXBuildFile; fileRef = A1EF0EBF25D17BFF004DE4A8 /* ContentView.swift */; };
		A1EF0EC225D17C00004DE4A8 /* Assets.xcassets in Resources */ = {isa = PBXBuildFile; fileRef = A1EF0EC125D17C00004DE4A8 /* Assets.xcassets */; };
		A1EF0EC525D17C00004DE4A8 /* Preview Assets.xcassets in Resources */ = {isa = PBXBuildFile; fileRef = A1EF0EC425D17C00004DE4A8 /* Preview Assets.xcassets */; };
		A1EF0ED225D1AB8A004DE4A8 /* LoopingPlayer.swift in Sources */ = {isa = PBXBuildFile; fileRef = A1EF0ED125D1AB8A004DE4A8 /* LoopingPlayer.swift */; };
		A1EF0ED525D1D391004DE4A8 /* paper.jpg in Resources */ = {isa = PBXBuildFile; fileRef = A1EF0ED425D1D391004DE4A8 /* paper.jpg */; };
		A1EF0EE525D2F42E004DE4A8 /* BottomBar-SwiftUI in Frameworks */ = {isa = PBXBuildFile; productRef = A1EF0EE425D2F42E004DE4A8 /* BottomBar-SwiftUI */; };
		A1EF0EE825D43C98004DE4A8 /* GillSans.ttc in Resources */ = {isa = PBXBuildFile; fileRef = A1EF0EE725D43C98004DE4A8 /* GillSans.ttc */; };
		A1FA19DA25DAAF8C00F5942F /* CodeScanner in Frameworks */ = {isa = PBXBuildFile; productRef = A1FA19D925DAAF8C00F5942F /* CodeScanner */; };
/* End PBXBuildFile section */

/* Begin PBXFileReference section */
		A105C34B25E178E400127F23 /* FrontPage.swift */ = {isa = PBXFileReference; lastKnownFileType = sourcecode.swift; path = FrontPage.swift; sourceTree = "<group>"; };
		A105C35525E17A4300127F23 /* RunView.swift */ = {isa = PBXFileReference; lastKnownFileType = sourcecode.swift; path = RunView.swift; sourceTree = "<group>"; };
		A105C35825E17CA500127F23 /* MainPage.swift */ = {isa = PBXFileReference; fileEncoding = 4; lastKnownFileType = sourcecode.swift; path = MainPage.swift; sourceTree = "<group>"; };
		A105C35C25E186DA00127F23 /* CreateView.swift */ = {isa = PBXFileReference; lastKnownFileType = sourcecode.swift; path = CreateView.swift; sourceTree = "<group>"; };
		A12656D525E438C20071173F /* ScoreView.swift */ = {isa = PBXFileReference; lastKnownFileType = sourcecode.swift; path = ScoreView.swift; sourceTree = "<group>"; };
		A12656D825E43B1A0071173F /* runningView.swift */ = {isa = PBXFileReference; lastKnownFileType = sourcecode.swift; path = runningView.swift; sourceTree = "<group>"; };
		A12656DB25E441E30071173F /* stopWatchManager.swift */ = {isa = PBXFileReference; lastKnownFileType = sourcecode.swift; path = stopWatchManager.swift; sourceTree = "<group>"; };
		A12656E625E5455E0071173F /* MapManager.swift */ = {isa = PBXFileReference; lastKnownFileType = sourcecode.swift; path = MapManager.swift; sourceTree = "<group>"; };
		A19DA18B25F594C300416840 /* QRSaves.xcdatamodel */ = {isa = PBXFileReference; lastKnownFileType = wrapper.xcdatamodel; path = QRSaves.xcdatamodel; sourceTree = "<group>"; };
		A19DA18E25F594EB00416840 /* Persistence.swift */ = {isa = PBXFileReference; lastKnownFileType = sourcecode.swift; path = Persistence.swift; sourceTree = "<group>"; };
		A1A209F925F3E4700062ED3E /* runVideo.mp4 */ = {isa = PBXFileReference; lastKnownFileType = file; name = runVideo.mp4; path = paperChase/Assets.xcassets/runVideo.dataset/runVideo.mp4; sourceTree = SOURCE_ROOT; };
		A1D1A74125EFE5E600C41DC9 /* resultView.swift */ = {isa = PBXFileReference; lastKnownFileType = sourcecode.swift; path = resultView.swift; sourceTree = "<group>"; };
		A1DAB1BE25F5B78100BFE764 /* runVideo2.mp4 */ = {isa = PBXFileReference; lastKnownFileType = file; path = runVideo2.mp4; sourceTree = "<group>"; };
		A1E9A1D025F6AB1600B1899D /* QRSaves 2.xcdatamodel */ = {isa = PBXFileReference; lastKnownFileType = wrapper.xcdatamodel; path = "QRSaves 2.xcdatamodel"; sourceTree = "<group>"; };
		A1EF0EBA25D17BFF004DE4A8 /* paperChase.app */ = {isa = PBXFileReference; explicitFileType = wrapper.application; includeInIndex = 0; path = paperChase.app; sourceTree = BUILT_PRODUCTS_DIR; };
		A1EF0EBD25D17BFF004DE4A8 /* paperChaseApp.swift */ = {isa = PBXFileReference; lastKnownFileType = sourcecode.swift; path = paperChaseApp.swift; sourceTree = "<group>"; };
		A1EF0EBF25D17BFF004DE4A8 /* ContentView.swift */ = {isa = PBXFileReference; lastKnownFileType = sourcecode.swift; path = ContentView.swift; sourceTree = "<group>"; };
		A1EF0EC125D17C00004DE4A8 /* Assets.xcassets */ = {isa = PBXFileReference; lastKnownFileType = folder.assetcatalog; path = Assets.xcassets; sourceTree = "<group>"; };
		A1EF0EC425D17C00004DE4A8 /* Preview Assets.xcassets */ = {isa = PBXFileReference; lastKnownFileType = folder.assetcatalog; path = "Preview Assets.xcassets"; sourceTree = "<group>"; };
		A1EF0EC625D17C00004DE4A8 /* Info.plist */ = {isa = PBXFileReference; lastKnownFileType = text.plist.xml; path = Info.plist; sourceTree = "<group>"; };
		A1EF0ED125D1AB8A004DE4A8 /* LoopingPlayer.swift */ = {isa = PBXFileReference; lastKnownFileType = sourcecode.swift; path = LoopingPlayer.swift; sourceTree = "<group>"; };
		A1EF0ED425D1D391004DE4A8 /* paper.jpg */ = {isa = PBXFileReference; lastKnownFileType = image.jpeg; path = paper.jpg; sourceTree = "<group>"; };
		A1EF0EE725D43C98004DE4A8 /* GillSans.ttc */ = {isa = PBXFileReference; lastKnownFileType = file; path = GillSans.ttc; sourceTree = "<group>"; };
/* End PBXFileReference section */

/* Begin PBXFrameworksBuildPhase section */
		A1EF0EB725D17BFF004DE4A8 /* Frameworks */ = {
			isa = PBXFrameworksBuildPhase;
			buildActionMask = 2147483647;
			files = (
				A1FA19DA25DAAF8C00F5942F /* CodeScanner in Frameworks */,
				A1EF0EE525D2F42E004DE4A8 /* BottomBar-SwiftUI in Frameworks */,
			);
			runOnlyForDeploymentPostprocessing = 0;
		};
/* End PBXFrameworksBuildPhase section */

/* Begin PBXGroup section */
		A1EF0EB125D17BFF004DE4A8 = {
			isa = PBXGroup;
			children = (
				A1EF0EBC25D17BFF004DE4A8 /* paperChase */,
			);
			sourceTree = "<group>";
		};
		A1EF0EBB25D17BFF004DE4A8 /* Products */ = {
			isa = PBXGroup;
			children = (
				A1EF0EBA25D17BFF004DE4A8 /* paperChase.app */,
			);
			name = Products;
			path = ..;
			sourceTree = "<group>";
		};
		A1EF0EBC25D17BFF004DE4A8 /* paperChase */ = {
			isa = PBXGroup;
			children = (
				A1EF0ECD25D1AAFF004DE4A8 /* Assets */,
				A1EF0EC325D17C00004DE4A8 /* Preview Content */,
				A1EF0EBB25D17BFF004DE4A8 /* Products */,
				A1EF0EC125D17C00004DE4A8 /* Assets.xcassets */,
				A1EF0EC625D17C00004DE4A8 /* Info.plist */,
				A1EF0EBF25D17BFF004DE4A8 /* ContentView.swift */,
				A105C35C25E186DA00127F23 /* CreateView.swift */,
				A1EF0EBD25D17BFF004DE4A8 /* paperChaseApp.swift */,
				A105C35525E17A4300127F23 /* RunView.swift */,
				A105C35825E17CA500127F23 /* MainPage.swift */,
				A105C34B25E178E400127F23 /* FrontPage.swift */,
				A12656D525E438C20071173F /* ScoreView.swift */,
				A12656D825E43B1A0071173F /* runningView.swift */,
				A1D1A74125EFE5E600C41DC9 /* resultView.swift */,
				A19DA18E25F594EB00416840 /* Persistence.swift */,
				A1EF0ED125D1AB8A004DE4A8 /* LoopingPlayer.swift */,
				A12656DB25E441E30071173F /* stopWatchManager.swift */,
				A12656E625E5455E0071173F /* MapManager.swift */,
				A19DA18A25F594C300416840 /* QRSaves.xcdatamodeld */,
			);
			path = paperChase;
			sourceTree = "<group>";
		};
		A1EF0EC325D17C00004DE4A8 /* Preview Content */ = {
			isa = PBXGroup;
			children = (
				A1EF0EC425D17C00004DE4A8 /* Preview Assets.xcassets */,
			);
			path = "Preview Content";
			sourceTree = "<group>";
		};
		A1EF0ECD25D1AAFF004DE4A8 /* Assets */ = {
			isa = PBXGroup;
			children = (
				A1EF0EE725D43C98004DE4A8 /* GillSans.ttc */,
				A1A209F925F3E4700062ED3E /* runVideo.mp4 */,
				A1DAB1BE25F5B78100BFE764 /* runVideo2.mp4 */,
				A1EF0ED425D1D391004DE4A8 /* paper.jpg */,
			);
			path = Assets;
			sourceTree = "<group>";
		};
/* End PBXGroup section */

/* Begin PBXNativeTarget section */
		A1EF0EB925D17BFF004DE4A8 /* paperChase */ = {
			isa = PBXNativeTarget;
			buildConfigurationList = A1EF0EC925D17C00004DE4A8 /* Build configuration list for PBXNativeTarget "paperChase" */;
			buildPhases = (
				A1EF0EB625D17BFF004DE4A8 /* Sources */,
				A1EF0EB725D17BFF004DE4A8 /* Frameworks */,
				A1EF0EB825D17BFF004DE4A8 /* Resources */,
			);
			buildRules = (
			);
			dependencies = (
			);
			name = paperChase;
			packageProductDependencies = (
				A1EF0EE425D2F42E004DE4A8 /* BottomBar-SwiftUI */,
				A1FA19D925DAAF8C00F5942F /* CodeScanner */,
			);
			productName = paperChase;
			productReference = A1EF0EBA25D17BFF004DE4A8 /* paperChase.app */;
			productType = "com.apple.product-type.application";
		};
/* End PBXNativeTarget section */

/* Begin PBXProject section */
		A1EF0EB225D17BFF004DE4A8 /* Project object */ = {
			isa = PBXProject;
			attributes = {
				LastSwiftUpdateCheck = 1240;
				LastUpgradeCheck = 1240;
				TargetAttributes = {
					A1EF0EB925D17BFF004DE4A8 = {
						CreatedOnToolsVersion = 12.4;
					};
				};
			};
			buildConfigurationList = A1EF0EB525D17BFF004DE4A8 /* Build configuration list for PBXProject "paperChase" */;
			compatibilityVersion = "Xcode 9.3";
			developmentRegion = en;
			hasScannedForEncodings = 0;
			knownRegions = (
				en,
				Base,
			);
			mainGroup = A1EF0EB125D17BFF004DE4A8;
			packageReferences = (
				A1EF0EE325D2F42E004DE4A8 /* XCRemoteSwiftPackageReference "bottombar-swiftui" */,
				A1FA19D825DAAF8C00F5942F /* XCRemoteSwiftPackageReference "codescanner" */,
			);
			productRefGroup = A1EF0EBB25D17BFF004DE4A8 /* Products */;
			projectDirPath = "";
			projectRoot = "";
			targets = (
				A1EF0EB925D17BFF004DE4A8 /* paperChase */,
			);
		};
/* End PBXProject section */

/* Begin PBXResourcesBuildPhase section */
		A1EF0EB825D17BFF004DE4A8 /* Resources */ = {
			isa = PBXResourcesBuildPhase;
			buildActionMask = 2147483647;
			files = (
				A1EF0EE825D43C98004DE4A8 /* GillSans.ttc in Resources */,
				A1DAB1BF25F5B78100BFE764 /* runVideo2.mp4 in Resources */,
				A1EF0ED525D1D391004DE4A8 /* paper.jpg in Resources */,
				A1EF0EC525D17C00004DE4A8 /* Preview Assets.xcassets in Resources */,
				A1EF0EC225D17C00004DE4A8 /* Assets.xcassets in Resources */,
				A1A209FA25F3E4700062ED3E /* runVideo.mp4 in Resources */,
			);
			runOnlyForDeploymentPostprocessing = 0;
		};
/* End PBXResourcesBuildPhase section */

/* Begin PBXSourcesBuildPhase section */
		A1EF0EB625D17BFF004DE4A8 /* Sources */ = {
			isa = PBXSourcesBuildPhase;
			buildActionMask = 2147483647;
			files = (
				A105C34C25E178E400127F23 /* FrontPage.swift in Sources */,
				A19DA18C25F594C300416840 /* QRSaves.xcdatamodeld in Sources */,
				A12656D625E438C20071173F /* ScoreView.swift in Sources */,
				A19DA18F25F594EB00416840 /* Persistence.swift in Sources */,
				A105C35625E17A4300127F23 /* RunView.swift in Sources */,
				A1EF0EC025D17BFF004DE4A8 /* ContentView.swift in Sources */,
				A1EF0EBE25D17BFF004DE4A8 /* paperChaseApp.swift in Sources */,
				A12656E725E5455E0071173F /* MapManager.swift in Sources */,
				A12656D925E43B1A0071173F /* runningView.swift in Sources */,
				A105C35D25E186DA00127F23 /* CreateView.swift in Sources */,
				A105C35925E17CA500127F23 /* MainPage.swift in Sources */,
				A1D1A74225EFE5E600C41DC9 /* resultView.swift in Sources */,
				A1EF0ED225D1AB8A004DE4A8 /* LoopingPlayer.swift in Sources */,
				A12656DC25E441E30071173F /* stopWatchManager.swift in Sources */,
			);
			runOnlyForDeploymentPostprocessing = 0;
		};
/* End PBXSourcesBuildPhase section */

/* Begin XCBuildConfiguration section */
		A1EF0EC725D17C00004DE4A8 /* Debug */ = {
			isa = XCBuildConfiguration;
			buildSettings = {
				ALWAYS_SEARCH_USER_PATHS = NO;
				CLANG_ANALYZER_NONNULL = YES;
				CLANG_ANALYZER_NUMBER_OBJECT_CONVERSION = YES_AGGRESSIVE;
				CLANG_CXX_LANGUAGE_STANDARD = "gnu++14";
				CLANG_CXX_LIBRARY = "libc++";
				CLANG_ENABLE_MODULES = YES;
				CLANG_ENABLE_OBJC_ARC = YES;
				CLANG_ENABLE_OBJC_WEAK = YES;
				CLANG_WARN_BLOCK_CAPTURE_AUTORELEASING = YES;
				CLANG_WARN_BOOL_CONVERSION = YES;
				CLANG_WARN_COMMA = YES;
				CLANG_WARN_CONSTANT_CONVERSION = YES;
				CLANG_WARN_DEPRECATED_OBJC_IMPLEMENTATIONS = YES;
				CLANG_WARN_DIRECT_OBJC_ISA_USAGE = YES_ERROR;
				CLANG_WARN_DOCUMENTATION_COMMENTS = YES;
				CLANG_WARN_EMPTY_BODY = YES;
				CLANG_WARN_ENUM_CONVERSION = YES;
				CLANG_WARN_INFINITE_RECURSION = YES;
				CLANG_WARN_INT_CONVERSION = YES;
				CLANG_WARN_NON_LITERAL_NULL_CONVERSION = YES;
				CLANG_WARN_OBJC_IMPLICIT_RETAIN_SELF = YES;
				CLANG_WARN_OBJC_LITERAL_CONVERSION = YES;
				CLANG_WARN_OBJC_ROOT_CLASS = YES_ERROR;
				CLANG_WARN_QUOTED_INCLUDE_IN_FRAMEWORK_HEADER = YES;
				CLANG_WARN_RANGE_LOOP_ANALYSIS = YES;
				CLANG_WARN_STRICT_PROTOTYPES = YES;
				CLANG_WARN_SUSPICIOUS_MOVE = YES;
				CLANG_WARN_UNGUARDED_AVAILABILITY = YES_AGGRESSIVE;
				CLANG_WARN_UNREACHABLE_CODE = YES;
				CLANG_WARN__DUPLICATE_METHOD_MATCH = YES;
				COPY_PHASE_STRIP = NO;
				DEBUG_INFORMATION_FORMAT = dwarf;
				ENABLE_STRICT_OBJC_MSGSEND = YES;
				ENABLE_TESTABILITY = YES;
				GCC_C_LANGUAGE_STANDARD = gnu11;
				GCC_DYNAMIC_NO_PIC = NO;
				GCC_NO_COMMON_BLOCKS = YES;
				GCC_OPTIMIZATION_LEVEL = 0;
				GCC_PREPROCESSOR_DEFINITIONS = (
					"DEBUG=1",
					"$(inherited)",
				);
				GCC_WARN_64_TO_32_BIT_CONVERSION = YES;
				GCC_WARN_ABOUT_RETURN_TYPE = YES_ERROR;
				GCC_WARN_UNDECLARED_SELECTOR = YES;
				GCC_WARN_UNINITIALIZED_AUTOS = YES_AGGRESSIVE;
				GCC_WARN_UNUSED_FUNCTION = YES;
				GCC_WARN_UNUSED_VARIABLE = YES;
				IPHONEOS_DEPLOYMENT_TARGET = 14.4;
				MTL_ENABLE_DEBUG_INFO = INCLUDE_SOURCE;
				MTL_FAST_MATH = YES;
				ONLY_ACTIVE_ARCH = YES;
				SDKROOT = iphoneos;
				SWIFT_ACTIVE_COMPILATION_CONDITIONS = DEBUG;
				SWIFT_OPTIMIZATION_LEVEL = "-Onone";
			};
			name = Debug;
		};
		A1EF0EC825D17C00004DE4A8 /* Release */ = {
			isa = XCBuildConfiguration;
			buildSettings = {
				ALWAYS_SEARCH_USER_PATHS = NO;
				CLANG_ANALYZER_NONNULL = YES;
				CLANG_ANALYZER_NUMBER_OBJECT_CONVERSION = YES_AGGRESSIVE;
				CLANG_CXX_LANGUAGE_STANDARD = "gnu++14";
				CLANG_CXX_LIBRARY = "libc++";
				CLANG_ENABLE_MODULES = YES;
				CLANG_ENABLE_OBJC_ARC = YES;
				CLANG_ENABLE_OBJC_WEAK = YES;
				CLANG_WARN_BLOCK_CAPTURE_AUTORELEASING = YES;
				CLANG_WARN_BOOL_CONVERSION = YES;
				CLANG_WARN_COMMA = YES;
				CLANG_WARN_CONSTANT_CONVERSION = YES;
				CLANG_WARN_DEPRECATED_OBJC_IMPLEMENTATIONS = YES;
				CLANG_WARN_DIRECT_OBJC_ISA_USAGE = YES_ERROR;
				CLANG_WARN_DOCUMENTATION_COMMENTS = YES;
				CLANG_WARN_EMPTY_BODY = YES;
				CLANG_WARN_ENUM_CONVERSION = YES;
				CLANG_WARN_INFINITE_RECURSION = YES;
				CLANG_WARN_INT_CONVERSION = YES;
				CLANG_WARN_NON_LITERAL_NULL_CONVERSION = YES;
				CLANG_WARN_OBJC_IMPLICIT_RETAIN_SELF = YES;
				CLANG_WARN_OBJC_LITERAL_CONVERSION = YES;
				CLANG_WARN_OBJC_ROOT_CLASS = YES_ERROR;
				CLANG_WARN_QUOTED_INCLUDE_IN_FRAMEWORK_HEADER = YES;
				CLANG_WARN_RANGE_LOOP_ANALYSIS = YES;
				CLANG_WARN_STRICT_PROTOTYPES = YES;
				CLANG_WARN_SUSPICIOUS_MOVE = YES;
				CLANG_WARN_UNGUARDED_AVAILABILITY = YES_AGGRESSIVE;
				CLANG_WARN_UNREACHABLE_CODE = YES;
				CLANG_WARN__DUPLICATE_METHOD_MATCH = YES;
				COPY_PHASE_STRIP = NO;
				DEBUG_INFORMATION_FORMAT = "dwarf-with-dsym";
				ENABLE_NS_ASSERTIONS = NO;
				ENABLE_STRICT_OBJC_MSGSEND = YES;
				GCC_C_LANGUAGE_STANDARD = gnu11;
				GCC_NO_COMMON_BLOCKS = YES;
				GCC_WARN_64_TO_32_BIT_CONVERSION = YES;
				GCC_WARN_ABOUT_RETURN_TYPE = YES_ERROR;
				GCC_WARN_UNDECLARED_SELECTOR = YES;
				GCC_WARN_UNINITIALIZED_AUTOS = YES_AGGRESSIVE;
				GCC_WARN_UNUSED_FUNCTION = YES;
				GCC_WARN_UNUSED_VARIABLE = YES;
				IPHONEOS_DEPLOYMENT_TARGET = 14.4;
				MTL_ENABLE_DEBUG_INFO = NO;
				MTL_FAST_MATH = YES;
				SDKROOT = iphoneos;
				SWIFT_COMPILATION_MODE = wholemodule;
				SWIFT_OPTIMIZATION_LEVEL = "-O";
				VALIDATE_PRODUCT = YES;
			};
			name = Release;
		};
		A1EF0ECA25D17C00004DE4A8 /* Debug */ = {
			isa = XCBuildConfiguration;
			buildSettings = {
				ASSETCATALOG_COMPILER_APPICON_NAME = AppIcon;
				ASSETCATALOG_COMPILER_GLOBAL_ACCENT_COLOR_NAME = AccentColor;
				CODE_SIGN_STYLE = Automatic;
				DEVELOPMENT_ASSET_PATHS = "\"paperChase/Preview Content\"";
				DEVELOPMENT_TEAM = Y2YQZ2XL3Z;
				ENABLE_PREVIEWS = YES;
				INFOPLIST_FILE = paperChase/Info.plist;
				IPHONEOS_DEPLOYMENT_TARGET = 14.0;
				LD_RUNPATH_SEARCH_PATHS = (
					"$(inherited)",
					"@executable_path/Frameworks",
				);
				PRODUCT_BUNDLE_IDENTIFIER = philippe.paperChase;
				PRODUCT_NAME = "$(TARGET_NAME)";
				SWIFT_VERSION = 5.0;
				TARGETED_DEVICE_FAMILY = "1,2";
			};
			name = Debug;
		};
		A1EF0ECB25D17C00004DE4A8 /* Release */ = {
			isa = XCBuildConfiguration;
			buildSettings = {
				ASSETCATALOG_COMPILER_APPICON_NAME = AppIcon;
				ASSETCATALOG_COMPILER_GLOBAL_ACCENT_COLOR_NAME = AccentColor;
				CODE_SIGN_STYLE = Automatic;
				DEVELOPMENT_ASSET_PATHS = "\"paperChase/Preview Content\"";
				DEVELOPMENT_TEAM = Y2YQZ2XL3Z;
				ENABLE_PREVIEWS = YES;
				INFOPLIST_FILE = paperChase/Info.plist;
				IPHONEOS_DEPLOYMENT_TARGET = 14.0;
				LD_RUNPATH_SEARCH_PATHS = (
					"$(inherited)",
					"@executable_path/Frameworks",
				);
				PRODUCT_BUNDLE_IDENTIFIER = philippe.paperChase;
				PRODUCT_NAME = "$(TARGET_NAME)";
				SWIFT_VERSION = 5.0;
				TARGETED_DEVICE_FAMILY = "1,2";
			};
			name = Release;
		};
/* End XCBuildConfiguration section */

/* Begin XCConfigurationList section */
		A1EF0EB525D17BFF004DE4A8 /* Build configuration list for PBXProject "paperChase" */ = {
			isa = XCConfigurationList;
			buildConfigurations = (
				A1EF0EC725D17C00004DE4A8 /* Debug */,
				A1EF0EC825D17C00004DE4A8 /* Release */,
			);
			defaultConfigurationIsVisible = 0;
			defaultConfigurationName = Release;
		};
		A1EF0EC925D17C00004DE4A8 /* Build configuration list for PBXNativeTarget "paperChase" */ = {
			isa = XCConfigurationList;
			buildConfigurations = (
				A1EF0ECA25D17C00004DE4A8 /* Debug */,
				A1EF0ECB25D17C00004DE4A8 /* Release */,
			);
			defaultConfigurationIsVisible = 0;
			defaultConfigurationName = Release;
		};
/* End XCConfigurationList section */

/* Begin XCRemoteSwiftPackageReference section */
		A1EF0EE325D2F42E004DE4A8 /* XCRemoteSwiftPackageReference "bottombar-swiftui" */ = {
			isa = XCRemoteSwiftPackageReference;
			repositoryURL = "https://github.com/smartvipere75/bottombar-swiftui";
			requirement = {
				branch = master;
				kind = branch;
			};
		};
		A1FA19D825DAAF8C00F5942F /* XCRemoteSwiftPackageReference "codescanner" */ = {
			isa = XCRemoteSwiftPackageReference;
			repositoryURL = "https://github.com/twostraws/codescanner";
			requirement = {
				kind = upToNextMajorVersion;
				minimumVersion = 1.0.7;
			};
		};
/* End XCRemoteSwiftPackageReference section */

/* Begin XCSwiftPackageProductDependency section */
		A1EF0EE425D2F42E004DE4A8 /* BottomBar-SwiftUI */ = {
			isa = XCSwiftPackageProductDependency;
			package = A1EF0EE325D2F42E004DE4A8 /* XCRemoteSwiftPackageReference "bottombar-swiftui" */;
			productName = "BottomBar-SwiftUI";
		};
		A1FA19D925DAAF8C00F5942F /* CodeScanner */ = {
			isa = XCSwiftPackageProductDependency;
			package = A1FA19D825DAAF8C00F5942F /* XCRemoteSwiftPackageReference "codescanner" */;
			productName = CodeScanner;
		};
/* End XCSwiftPackageProductDependency section */

/* Begin XCVersionGroup section */
		A19DA18A25F594C300416840 /* QRSaves.xcdatamodeld */ = {
			isa = XCVersionGroup;
			children = (
				A1E9A1D025F6AB1600B1899D /* QRSaves 2.xcdatamodel */,
				A19DA18B25F594C300416840 /* QRSaves.xcdatamodel */,
			);
			currentVersion = A19DA18B25F594C300416840 /* QRSaves.xcdatamodel */;
			path = QRSaves.xcdatamodeld;
			sourceTree = "<group>";
			versionGroupType = wrapper.xcdatamodel;
		};
/* End XCVersionGroup section */
	};
	rootObject = A1EF0EB225D17BFF004DE4A8 /* Project object */;
}
